// !$*UTF8*$!
{
	archiveVersion = 1;
	classes = {
	};
	objectVersion = 56;
	objects = {

/* Begin PBXBuildFile section */
		B4EBB43F2A2720BB006ED98E /* AppDelegate.swift in Sources */ = {isa = PBXBuildFile; fileRef = B4EBB43E2A2720BB006ED98E /* AppDelegate.swift */; };
		B4EBB4412A2720BB006ED98E /* SceneDelegate.swift in Sources */ = {isa = PBXBuildFile; fileRef = B4EBB4402A2720BB006ED98E /* SceneDelegate.swift */; };
		B4EBB4432A2720BB006ED98E /* ViewController.swift in Sources */ = {isa = PBXBuildFile; fileRef = B4EBB4422A2720BB006ED98E /* ViewController.swift */; };
		B4EBB4462A2720BB006ED98E /* Main.storyboard in Resources */ = {isa = PBXBuildFile; fileRef = B4EBB4442A2720BB006ED98E /* Main.storyboard */; };
		B4EBB4492A2720BB006ED98E /* InnvonixPracticalDemo.xcdatamodeld in Sources */ = {isa = PBXBuildFile; fileRef = B4EBB4472A2720BB006ED98E /* InnvonixPracticalDemo.xcdatamodeld */; };
		B4EBB44B2A2720C0006ED98E /* Assets.xcassets in Resources */ = {isa = PBXBuildFile; fileRef = B4EBB44A2A2720C0006ED98E /* Assets.xcassets */; };
		B4EBB44E2A2720C0006ED98E /* LaunchScreen.storyboard in Resources */ = {isa = PBXBuildFile; fileRef = B4EBB44C2A2720C0006ED98E /* LaunchScreen.storyboard */; };
		B4EBB4592A2720C1006ED98E /* InnvonixPracticalDemoTests.swift in Sources */ = {isa = PBXBuildFile; fileRef = B4EBB4582A2720C1006ED98E /* InnvonixPracticalDemoTests.swift */; };
		B4EBB4632A2720C1006ED98E /* InnvonixPracticalDemoUITests.swift in Sources */ = {isa = PBXBuildFile; fileRef = B4EBB4622A2720C1006ED98E /* InnvonixPracticalDemoUITests.swift */; };
		B4EBB4652A2720C1006ED98E /* InnvonixPracticalDemoUITestsLaunchTests.swift in Sources */ = {isa = PBXBuildFile; fileRef = B4EBB4642A2720C1006ED98E /* InnvonixPracticalDemoUITestsLaunchTests.swift */; };
		B4EBB4732A272318006ED98E /* UserData+CoreDataClass.swift in Sources */ = {isa = PBXBuildFile; fileRef = B4EBB4712A272318006ED98E /* UserData+CoreDataClass.swift */; };
		B4EBB4742A272318006ED98E /* UserData+CoreDataProperties.swift in Sources */ = {isa = PBXBuildFile; fileRef = B4EBB4722A272318006ED98E /* UserData+CoreDataProperties.swift */; };
		B4EBB4762A27234D006ED98E /* RegisterViewController.swift in Sources */ = {isa = PBXBuildFile; fileRef = B4EBB4752A27234C006ED98E /* RegisterViewController.swift */; };
		B4EBB4782A272514006ED98E /* DatabaseHelper.swift in Sources */ = {isa = PBXBuildFile; fileRef = B4EBB4772A272514006ED98E /* DatabaseHelper.swift */; };
		B4EBB47A2A273402006ED98E /* ListViewController.swift in Sources */ = {isa = PBXBuildFile; fileRef = B4EBB4792A273402006ED98E /* ListViewController.swift */; };
		B4EBB47C2A273416006ED98E /* TableViewCell.swift in Sources */ = {isa = PBXBuildFile; fileRef = B4EBB47B2A273416006ED98E /* TableViewCell.swift */; };
		B4EBB47E2A273D49006ED98E /* LoginViewController.swift in Sources */ = {isa = PBXBuildFile; fileRef = B4EBB47D2A273D49006ED98E /* LoginViewController.swift */; };
/* End PBXBuildFile section */

/* Begin PBXContainerItemProxy section */
		B4EBB4552A2720C1006ED98E /* PBXContainerItemProxy */ = {
			isa = PBXContainerItemProxy;
			containerPortal = B4EBB4332A2720BB006ED98E /* Project object */;
			proxyType = 1;
			remoteGlobalIDString = B4EBB43A2A2720BB006ED98E;
			remoteInfo = InnvonixPracticalDemo;
		};
		B4EBB45F2A2720C1006ED98E /* PBXContainerItemProxy */ = {
			isa = PBXContainerItemProxy;
			containerPortal = B4EBB4332A2720BB006ED98E /* Project object */;
			proxyType = 1;
			remoteGlobalIDString = B4EBB43A2A2720BB006ED98E;
			remoteInfo = InnvonixPracticalDemo;
		};
/* End PBXContainerItemProxy section */

/* Begin PBXFileReference section */
		B4EBB43B2A2720BB006ED98E /* InnvonixPracticalDemo.app */ = {isa = PBXFileReference; explicitFileType = wrapper.application; includeInIndex = 0; path = InnvonixPracticalDemo.app; sourceTree = BUILT_PRODUCTS_DIR; };
		B4EBB43E2A2720BB006ED98E /* AppDelegate.swift */ = {isa = PBXFileReference; lastKnownFileType = sourcecode.swift; path = AppDelegate.swift; sourceTree = "<group>"; };
		B4EBB4402A2720BB006ED98E /* SceneDelegate.swift */ = {isa = PBXFileReference; lastKnownFileType = sourcecode.swift; path = SceneDelegate.swift; sourceTree = "<group>"; };
		B4EBB4422A2720BB006ED98E /* ViewController.swift */ = {isa = PBXFileReference; lastKnownFileType = sourcecode.swift; path = ViewController.swift; sourceTree = "<group>"; };
		B4EBB4452A2720BB006ED98E /* Base */ = {isa = PBXFileReference; lastKnownFileType = file.storyboard; name = Base; path = Base.lproj/Main.storyboard; sourceTree = "<group>"; };
		B4EBB4482A2720BB006ED98E /* InnvonixPracticalDemo.xcdatamodel */ = {isa = PBXFileReference; lastKnownFileType = wrapper.xcdatamodel; path = InnvonixPracticalDemo.xcdatamodel; sourceTree = "<group>"; };
		B4EBB44A2A2720C0006ED98E /* Assets.xcassets */ = {isa = PBXFileReference; lastKnownFileType = folder.assetcatalog; path = Assets.xcassets; sourceTree = "<group>"; };
		B4EBB44D2A2720C0006ED98E /* Base */ = {isa = PBXFileReference; lastKnownFileType = file.storyboard; name = Base; path = Base.lproj/LaunchScreen.storyboard; sourceTree = "<group>"; };
		B4EBB44F2A2720C0006ED98E /* Info.plist */ = {isa = PBXFileReference; lastKnownFileType = text.plist.xml; path = Info.plist; sourceTree = "<group>"; };
		B4EBB4542A2720C1006ED98E /* InnvonixPracticalDemoTests.xctest */ = {isa = PBXFileReference; explicitFileType = wrapper.cfbundle; includeInIndex = 0; path = InnvonixPracticalDemoTests.xctest; sourceTree = BUILT_PRODUCTS_DIR; };
		B4EBB4582A2720C1006ED98E /* InnvonixPracticalDemoTests.swift */ = {isa = PBXFileReference; lastKnownFileType = sourcecode.swift; path = InnvonixPracticalDemoTests.swift; sourceTree = "<group>"; };
		B4EBB45E2A2720C1006ED98E /* InnvonixPracticalDemoUITests.xctest */ = {isa = PBXFileReference; explicitFileType = wrapper.cfbundle; includeInIndex = 0; path = InnvonixPracticalDemoUITests.xctest; sourceTree = BUILT_PRODUCTS_DIR; };
		B4EBB4622A2720C1006ED98E /* InnvonixPracticalDemoUITests.swift */ = {isa = PBXFileReference; lastKnownFileType = sourcecode.swift; path = InnvonixPracticalDemoUITests.swift; sourceTree = "<group>"; };
		B4EBB4642A2720C1006ED98E /* InnvonixPracticalDemoUITestsLaunchTests.swift */ = {isa = PBXFileReference; lastKnownFileType = sourcecode.swift; path = InnvonixPracticalDemoUITestsLaunchTests.swift; sourceTree = "<group>"; };
		B4EBB4712A272318006ED98E /* UserData+CoreDataClass.swift */ = {isa = PBXFileReference; lastKnownFileType = sourcecode.swift; path = "UserData+CoreDataClass.swift"; sourceTree = "<group>"; };
		B4EBB4722A272318006ED98E /* UserData+CoreDataProperties.swift */ = {isa = PBXFileReference; lastKnownFileType = sourcecode.swift; path = "UserData+CoreDataProperties.swift"; sourceTree = "<group>"; };
		B4EBB4752A27234C006ED98E /* RegisterViewController.swift */ = {isa = PBXFileReference; lastKnownFileType = sourcecode.swift; path = RegisterViewController.swift; sourceTree = "<group>"; };
		B4EBB4772A272514006ED98E /* DatabaseHelper.swift */ = {isa = PBXFileReference; lastKnownFileType = sourcecode.swift; path = DatabaseHelper.swift; sourceTree = "<group>"; };
		B4EBB4792A273402006ED98E /* ListViewController.swift */ = {isa = PBXFileReference; lastKnownFileType = sourcecode.swift; path = ListViewController.swift; sourceTree = "<group>"; };
		B4EBB47B2A273416006ED98E /* TableViewCell.swift */ = {isa = PBXFileReference; lastKnownFileType = sourcecode.swift; path = TableViewCell.swift; sourceTree = "<group>"; };
		B4EBB47D2A273D49006ED98E /* LoginViewController.swift */ = {isa = PBXFileReference; lastKnownFileType = sourcecode.swift; path = LoginViewController.swift; sourceTree = "<group>"; };
/* End PBXFileReference section */

/* Begin PBXFrameworksBuildPhase section */
		B4EBB4382A2720BB006ED98E /* Frameworks */ = {
			isa = PBXFrameworksBuildPhase;
			buildActionMask = 2147483647;
			files = (
			);
			runOnlyForDeploymentPostprocessing = 0;
		};
		B4EBB4512A2720C1006ED98E /* Frameworks */ = {
			isa = PBXFrameworksBuildPhase;
			buildActionMask = 2147483647;
			files = (
			);
			runOnlyForDeploymentPostprocessing = 0;
		};
		B4EBB45B2A2720C1006ED98E /* Frameworks */ = {
			isa = PBXFrameworksBuildPhase;
			buildActionMask = 2147483647;
			files = (
			);
			runOnlyForDeploymentPostprocessing = 0;
		};
/* End PBXFrameworksBuildPhase section */

/* Begin PBXGroup section */
		B4EBB4322A2720BA006ED98E = {
			isa = PBXGroup;
			children = (
				B4EBB43D2A2720BB006ED98E /* InnvonixPracticalDemo */,
				B4EBB4572A2720C1006ED98E /* InnvonixPracticalDemoTests */,
				B4EBB4612A2720C1006ED98E /* InnvonixPracticalDemoUITests */,
				B4EBB43C2A2720BB006ED98E /* Products */,
			);
			sourceTree = "<group>";
		};
		B4EBB43C2A2720BB006ED98E /* Products */ = {
			isa = PBXGroup;
			children = (
				B4EBB43B2A2720BB006ED98E /* InnvonixPracticalDemo.app */,
				B4EBB4542A2720C1006ED98E /* InnvonixPracticalDemoTests.xctest */,
				B4EBB45E2A2720C1006ED98E /* InnvonixPracticalDemoUITests.xctest */,
			);
			name = Products;
			sourceTree = "<group>";
		};
		B4EBB43D2A2720BB006ED98E /* InnvonixPracticalDemo */ = {
			isa = PBXGroup;
			children = (
				B4EBB4842A276F98006ED98E /* CoreData */,
				B4EBB4832A276F71006ED98E /* Cell */,
				B4EBB4822A276F5F006ED98E /* HelperClass */,
				B4EBB4812A276F47006ED98E /* ViewController */,
				B4EBB4802A276F38006ED98E /* Delegate */,
				B4EBB47F2A276F1F006ED98E /* Storyboard */,
				B4EBB44A2A2720C0006ED98E /* Assets.xcassets */,
				B4EBB44F2A2720C0006ED98E /* Info.plist */,
				B4EBB4472A2720BB006ED98E /* InnvonixPracticalDemo.xcdatamodeld */,
			);
			path = InnvonixPracticalDemo;
			sourceTree = "<group>";
		};
		B4EBB4572A2720C1006ED98E /* InnvonixPracticalDemoTests */ = {
			isa = PBXGroup;
			children = (
				B4EBB4582A2720C1006ED98E /* InnvonixPracticalDemoTests.swift */,
			);
			path = InnvonixPracticalDemoTests;
			sourceTree = "<group>";
		};
		B4EBB4612A2720C1006ED98E /* InnvonixPracticalDemoUITests */ = {
			isa = PBXGroup;
			children = (
				B4EBB4622A2720C1006ED98E /* InnvonixPracticalDemoUITests.swift */,
				B4EBB4642A2720C1006ED98E /* InnvonixPracticalDemoUITestsLaunchTests.swift */,
			);
			path = InnvonixPracticalDemoUITests;
			sourceTree = "<group>";
		};
		B4EBB47F2A276F1F006ED98E /* Storyboard */ = {
			isa = PBXGroup;
			children = (
				B4EBB44C2A2720C0006ED98E /* LaunchScreen.storyboard */,
				B4EBB4442A2720BB006ED98E /* Main.storyboard */,
			);
			path = Storyboard;
			sourceTree = "<group>";
		};
		B4EBB4802A276F38006ED98E /* Delegate */ = {
			isa = PBXGroup;
			children = (
				B4EBB43E2A2720BB006ED98E /* AppDelegate.swift */,
				B4EBB4402A2720BB006ED98E /* SceneDelegate.swift */,
			);
			path = Delegate;
			sourceTree = "<group>";
		};
		B4EBB4812A276F47006ED98E /* ViewController */ = {
			isa = PBXGroup;
			children = (
				B4EBB4422A2720BB006ED98E /* ViewController.swift */,
				B4EBB4792A273402006ED98E /* ListViewController.swift */,
				B4EBB47D2A273D49006ED98E /* LoginViewController.swift */,
				B4EBB4752A27234C006ED98E /* RegisterViewController.swift */,
			);
			path = ViewController;
			sourceTree = "<group>";
		};
		B4EBB4822A276F5F006ED98E /* HelperClass */ = {
			isa = PBXGroup;
			children = (
				B4EBB4772A272514006ED98E /* DatabaseHelper.swift */,
			);
			path = HelperClass;
			sourceTree = "<group>";
		};
		B4EBB4832A276F71006ED98E /* Cell */ = {
			isa = PBXGroup;
			children = (
				B4EBB47B2A273416006ED98E /* TableViewCell.swift */,
			);
			path = Cell;
			sourceTree = "<group>";
		};
		B4EBB4842A276F98006ED98E /* CoreData */ = {
			isa = PBXGroup;
			children = (
				B4EBB4722A272318006ED98E /* UserData+CoreDataProperties.swift */,
				B4EBB4712A272318006ED98E /* UserData+CoreDataClass.swift */,
			);
			path = CoreData;
			sourceTree = "<group>";
		};
/* End PBXGroup section */

/* Begin PBXNativeTarget section */
		B4EBB43A2A2720BB006ED98E /* InnvonixPracticalDemo */ = {
			isa = PBXNativeTarget;
			buildConfigurationList = B4EBB4682A2720C1006ED98E /* Build configuration list for PBXNativeTarget "InnvonixPracticalDemo" */;
			buildPhases = (
				B4EBB4372A2720BB006ED98E /* Sources */,
				B4EBB4382A2720BB006ED98E /* Frameworks */,
				B4EBB4392A2720BB006ED98E /* Resources */,
			);
			buildRules = (
			);
			dependencies = (
			);
			name = InnvonixPracticalDemo;
			productName = InnvonixPracticalDemo;
			productReference = B4EBB43B2A2720BB006ED98E /* InnvonixPracticalDemo.app */;
			productType = "com.apple.product-type.application";
		};
		B4EBB4532A2720C1006ED98E /* InnvonixPracticalDemoTests */ = {
			isa = PBXNativeTarget;
			buildConfigurationList = B4EBB46B2A2720C1006ED98E /* Build configuration list for PBXNativeTarget "InnvonixPracticalDemoTests" */;
			buildPhases = (
				B4EBB4502A2720C1006ED98E /* Sources */,
				B4EBB4512A2720C1006ED98E /* Frameworks */,
				B4EBB4522A2720C1006ED98E /* Resources */,
			);
			buildRules = (
			);
			dependencies = (
				B4EBB4562A2720C1006ED98E /* PBXTargetDependency */,
			);
			name = InnvonixPracticalDemoTests;
			productName = InnvonixPracticalDemoTests;
			productReference = B4EBB4542A2720C1006ED98E /* InnvonixPracticalDemoTests.xctest */;
			productType = "com.apple.product-type.bundle.unit-test";
		};
		B4EBB45D2A2720C1006ED98E /* InnvonixPracticalDemoUITests */ = {
			isa = PBXNativeTarget;
			buildConfigurationList = B4EBB46E2A2720C1006ED98E /* Build configuration list for PBXNativeTarget "InnvonixPracticalDemoUITests" */;
			buildPhases = (
				B4EBB45A2A2720C1006ED98E /* Sources */,
				B4EBB45B2A2720C1006ED98E /* Frameworks */,
				B4EBB45C2A2720C1006ED98E /* Resources */,
			);
			buildRules = (
			);
			dependencies = (
				B4EBB4602A2720C1006ED98E /* PBXTargetDependency */,
			);
			name = InnvonixPracticalDemoUITests;
			productName = InnvonixPracticalDemoUITests;
			productReference = B4EBB45E2A2720C1006ED98E /* InnvonixPracticalDemoUITests.xctest */;
			productType = "com.apple.product-type.bundle.ui-testing";
		};
/* End PBXNativeTarget section */

/* Begin PBXProject section */
		B4EBB4332A2720BB006ED98E /* Project object */ = {
			isa = PBXProject;
			attributes = {
				BuildIndependentTargetsInParallel = 1;
				LastSwiftUpdateCheck = 1420;
				LastUpgradeCheck = 1420;
				TargetAttributes = {
					B4EBB43A2A2720BB006ED98E = {
						CreatedOnToolsVersion = 14.2;
					};
					B4EBB4532A2720C1006ED98E = {
						CreatedOnToolsVersion = 14.2;
						TestTargetID = B4EBB43A2A2720BB006ED98E;
					};
					B4EBB45D2A2720C1006ED98E = {
						CreatedOnToolsVersion = 14.2;
						TestTargetID = B4EBB43A2A2720BB006ED98E;
					};
				};
			};
			buildConfigurationList = B4EBB4362A2720BB006ED98E /* Build configuration list for PBXProject "InnvonixPracticalDemo" */;
			compatibilityVersion = "Xcode 14.0";
			developmentRegion = en;
			hasScannedForEncodings = 0;
			knownRegions = (
				en,
				Base,
			);
			mainGroup = B4EBB4322A2720BA006ED98E;
			productRefGroup = B4EBB43C2A2720BB006ED98E /* Products */;
			projectDirPath = "";
			projectRoot = "";
			targets = (
				B4EBB43A2A2720BB006ED98E /* InnvonixPracticalDemo */,
				B4EBB4532A2720C1006ED98E /* InnvonixPracticalDemoTests */,
				B4EBB45D2A2720C1006ED98E /* InnvonixPracticalDemoUITests */,
			);
		};
/* End PBXProject section */

/* Begin PBXResourcesBuildPhase section */
		B4EBB4392A2720BB006ED98E /* Resources */ = {
			isa = PBXResourcesBuildPhase;
			buildActionMask = 2147483647;
			files = (
				B4EBB44E2A2720C0006ED98E /* LaunchScreen.storyboard in Resources */,
				B4EBB44B2A2720C0006ED98E /* Assets.xcassets in Resources */,
				B4EBB4462A2720BB006ED98E /* Main.storyboard in Resources */,
			);
			runOnlyForDeploymentPostprocessing = 0;
		};
		B4EBB4522A2720C1006ED98E /* Resources */ = {
			isa = PBXResourcesBuildPhase;
			buildActionMask = 2147483647;
			files = (
			);
			runOnlyForDeploymentPostprocessing = 0;
		};
		B4EBB45C2A2720C1006ED98E /* Resources */ = {
			isa = PBXResourcesBuildPhase;
			buildActionMask = 2147483647;
			files = (
			);
			runOnlyForDeploymentPostprocessing = 0;
		};
/* End PBXResourcesBuildPhase section */

/* Begin PBXSourcesBuildPhase section */
		B4EBB4372A2720BB006ED98E /* Sources */ = {
			isa = PBXSourcesBuildPhase;
			buildActionMask = 2147483647;
			files = (
				B4EBB4742A272318006ED98E /* UserData+CoreDataProperties.swift in Sources */,
				B4EBB4732A272318006ED98E /* UserData+CoreDataClass.swift in Sources */,
				B4EBB4762A27234D006ED98E /* RegisterViewController.swift in Sources */,
				B4EBB4432A2720BB006ED98E /* ViewController.swift in Sources */,
				B4EBB4782A272514006ED98E /* DatabaseHelper.swift in Sources */,
				B4EBB47C2A273416006ED98E /* TableViewCell.swift in Sources */,
				B4EBB47A2A273402006ED98E /* ListViewController.swift in Sources */,
				B4EBB43F2A2720BB006ED98E /* AppDelegate.swift in Sources */,
				B4EBB4412A2720BB006ED98E /* SceneDelegate.swift in Sources */,
				B4EBB4492A2720BB006ED98E /* InnvonixPracticalDemo.xcdatamodeld in Sources */,
				B4EBB47E2A273D49006ED98E /* LoginViewController.swift in Sources */,
			);
			runOnlyForDeploymentPostprocessing = 0;
		};
		B4EBB4502A2720C1006ED98E /* Sources */ = {
			isa = PBXSourcesBuildPhase;
			buildActionMask = 2147483647;
			files = (
				B4EBB4592A2720C1006ED98E /* InnvonixPracticalDemoTests.swift in Sources */,
			);
			runOnlyForDeploymentPostprocessing = 0;
		};
		B4EBB45A2A2720C1006ED98E /* Sources */ = {
			isa = PBXSourcesBuildPhase;
			buildActionMask = 2147483647;
			files = (
				B4EBB4652A2720C1006ED98E /* InnvonixPracticalDemoUITestsLaunchTests.swift in Sources */,
				B4EBB4632A2720C1006ED98E /* InnvonixPracticalDemoUITests.swift in Sources */,
			);
			runOnlyForDeploymentPostprocessing = 0;
		};
/* End PBXSourcesBuildPhase section */

/* Begin PBXTargetDependency section */
		B4EBB4562A2720C1006ED98E /* PBXTargetDependency */ = {
			isa = PBXTargetDependency;
			target = B4EBB43A2A2720BB006ED98E /* InnvonixPracticalDemo */;
			targetProxy = B4EBB4552A2720C1006ED98E /* PBXContainerItemProxy */;
		};
		B4EBB4602A2720C1006ED98E /* PBXTargetDependency */ = {
			isa = PBXTargetDependency;
			target = B4EBB43A2A2720BB006ED98E /* InnvonixPracticalDemo */;
			targetProxy = B4EBB45F2A2720C1006ED98E /* PBXContainerItemProxy */;
		};
/* End PBXTargetDependency section */

/* Begin PBXVariantGroup section */
		B4EBB4442A2720BB006ED98E /* Main.storyboard */ = {
			isa = PBXVariantGroup;
			children = (
				B4EBB4452A2720BB006ED98E /* Base */,
			);
			name = Main.storyboard;
			sourceTree = "<group>";
		};
		B4EBB44C2A2720C0006ED98E /* LaunchScreen.storyboard */ = {
			isa = PBXVariantGroup;
			children = (
				B4EBB44D2A2720C0006ED98E /* Base */,
			);
			name = LaunchScreen.storyboard;
			sourceTree = "<group>";
		};
/* End PBXVariantGroup section */

/* Begin XCBuildConfiguration section */
		B4EBB4662A2720C1006ED98E /* Debug */ = {
			isa = XCBuildConfiguration;
			buildSettings = {
				ALWAYS_SEARCH_USER_PATHS = NO;
				CLANG_ANALYZER_NONNULL = YES;
				CLANG_ANALYZER_NUMBER_OBJECT_CONVERSION = YES_AGGRESSIVE;
				CLANG_CXX_LANGUAGE_STANDARD = "gnu++20";
				CLANG_ENABLE_MODULES = YES;
				CLANG_ENABLE_OBJC_ARC = YES;
				CLANG_ENABLE_OBJC_WEAK = YES;
				CLANG_WARN_BLOCK_CAPTURE_AUTORELEASING = YES;
				CLANG_WARN_BOOL_CONVERSION = YES;
				CLANG_WARN_COMMA = YES;
				CLANG_WARN_CONSTANT_CONVERSION = YES;
				CLANG_WARN_DEPRECATED_OBJC_IMPLEMENTATIONS = YES;
				CLANG_WARN_DIRECT_OBJC_ISA_USAGE = YES_ERROR;
				CLANG_WARN_DOCUMENTATION_COMMENTS = YES;
				CLANG_WARN_EMPTY_BODY = YES;
				CLANG_WARN_ENUM_CONVERSION = YES;
				CLANG_WARN_INFINITE_RECURSION = YES;
				CLANG_WARN_INT_CONVERSION = YES;
				CLANG_WARN_NON_LITERAL_NULL_CONVERSION = YES;
				CLANG_WARN_OBJC_IMPLICIT_RETAIN_SELF = YES;
				CLANG_WARN_OBJC_LITERAL_CONVERSION = YES;
				CLANG_WARN_OBJC_ROOT_CLASS = YES_ERROR;
				CLANG_WARN_QUOTED_INCLUDE_IN_FRAMEWORK_HEADER = YES;
				CLANG_WARN_RANGE_LOOP_ANALYSIS = YES;
				CLANG_WARN_STRICT_PROTOTYPES = YES;
				CLANG_WARN_SUSPICIOUS_MOVE = YES;
				CLANG_WARN_UNGUARDED_AVAILABILITY = YES_AGGRESSIVE;
				CLANG_WARN_UNREACHABLE_CODE = YES;
				CLANG_WARN__DUPLICATE_METHOD_MATCH = YES;
				COPY_PHASE_STRIP = NO;
				DEBUG_INFORMATION_FORMAT = dwarf;
				ENABLE_STRICT_OBJC_MSGSEND = YES;
				ENABLE_TESTABILITY = YES;
				GCC_C_LANGUAGE_STANDARD = gnu11;
				GCC_DYNAMIC_NO_PIC = NO;
				GCC_NO_COMMON_BLOCKS = YES;
				GCC_OPTIMIZATION_LEVEL = 0;
				GCC_PREPROCESSOR_DEFINITIONS = (
					"DEBUG=1",
					"$(inherited)",
				);
				GCC_WARN_64_TO_32_BIT_CONVERSION = YES;
				GCC_WARN_ABOUT_RETURN_TYPE = YES_ERROR;
				GCC_WARN_UNDECLARED_SELECTOR = YES;
				GCC_WARN_UNINITIALIZED_AUTOS = YES_AGGRESSIVE;
				GCC_WARN_UNUSED_FUNCTION = YES;
				GCC_WARN_UNUSED_VARIABLE = YES;
				IPHONEOS_DEPLOYMENT_TARGET = 16.2;
				MTL_ENABLE_DEBUG_INFO = INCLUDE_SOURCE;
				MTL_FAST_MATH = YES;
				ONLY_ACTIVE_ARCH = YES;
				SDKROOT = iphoneos;
				SWIFT_ACTIVE_COMPILATION_CONDITIONS = DEBUG;
				SWIFT_OPTIMIZATION_LEVEL = "-Onone";
			};
			name = Debug;
		};
		B4EBB4672A2720C1006ED98E /* Release */ = {
			isa = XCBuildConfiguration;
			buildSettings = {
				ALWAYS_SEARCH_USER_PATHS = NO;
				CLANG_ANALYZER_NONNULL = YES;
				CLANG_ANALYZER_NUMBER_OBJECT_CONVERSION = YES_AGGRESSIVE;
				CLANG_CXX_LANGUAGE_STANDARD = "gnu++20";
				CLANG_ENABLE_MODULES = YES;
				CLANG_ENABLE_OBJC_ARC = YES;
				CLANG_ENABLE_OBJC_WEAK = YES;
				CLANG_WARN_BLOCK_CAPTURE_AUTORELEASING = YES;
				CLANG_WARN_BOOL_CONVERSION = YES;
				CLANG_WARN_COMMA = YES;
				CLANG_WARN_CONSTANT_CONVERSION = YES;
				CLANG_WARN_DEPRECATED_OBJC_IMPLEMENTATIONS = YES;
				CLANG_WARN_DIRECT_OBJC_ISA_USAGE = YES_ERROR;
				CLANG_WARN_DOCUMENTATION_COMMENTS = YES;
				CLANG_WARN_EMPTY_BODY = YES;
				CLANG_WARN_ENUM_CONVERSION = YES;
				CLANG_WARN_INFINITE_RECURSION = YES;
				CLANG_WARN_INT_CONVERSION = YES;
				CLANG_WARN_NON_LITERAL_NULL_CONVERSION = YES;
				CLANG_WARN_OBJC_IMPLICIT_RETAIN_SELF = YES;
				CLANG_WARN_OBJC_LITERAL_CONVERSION = YES;
				CLANG_WARN_OBJC_ROOT_CLASS = YES_ERROR;
				CLANG_WARN_QUOTED_INCLUDE_IN_FRAMEWORK_HEADER = YES;
				CLANG_WARN_RANGE_LOOP_ANALYSIS = YES;
				CLANG_WARN_STRICT_PROTOTYPES = YES;
				CLANG_WARN_SUSPICIOUS_MOVE = YES;
				CLANG_WARN_UNGUARDED_AVAILABILITY = YES_AGGRESSIVE;
				CLANG_WARN_UNREACHABLE_CODE = YES;
				CLANG_WARN__DUPLICATE_METHOD_MATCH = YES;
				COPY_PHASE_STRIP = NO;
				DEBUG_INFORMATION_FORMAT = "dwarf-with-dsym";
				ENABLE_NS_ASSERTIONS = NO;
				ENABLE_STRICT_OBJC_MSGSEND = YES;
				GCC_C_LANGUAGE_STANDARD = gnu11;
				GCC_NO_COMMON_BLOCKS = YES;
				GCC_WARN_64_TO_32_BIT_CONVERSION = YES;
				GCC_WARN_ABOUT_RETURN_TYPE = YES_ERROR;
				GCC_WARN_UNDECLARED_SELECTOR = YES;
				GCC_WARN_UNINITIALIZED_AUTOS = YES_AGGRESSIVE;
				GCC_WARN_UNUSED_FUNCTION = YES;
				GCC_WARN_UNUSED_VARIABLE = YES;
				IPHONEOS_DEPLOYMENT_TARGET = 16.2;
				MTL_ENABLE_DEBUG_INFO = NO;
				MTL_FAST_MATH = YES;
				SDKROOT = iphoneos;
				SWIFT_COMPILATION_MODE = wholemodule;
				SWIFT_OPTIMIZATION_LEVEL = "-O";
				VALIDATE_PRODUCT = YES;
			};
			name = Release;
		};
		B4EBB4692A2720C1006ED98E /* Debug */ = {
			isa = XCBuildConfiguration;
			buildSettings = {
				ASSETCATALOG_COMPILER_APPICON_NAME = AppIcon;
				ASSETCATALOG_COMPILER_GLOBAL_ACCENT_COLOR_NAME = AccentColor;
				CODE_SIGN_STYLE = Automatic;
				CURRENT_PROJECT_VERSION = 1;
				GENERATE_INFOPLIST_FILE = YES;
				INFOPLIST_FILE = InnvonixPracticalDemo/Info.plist;
				INFOPLIST_KEY_UIApplicationSupportsIndirectInputEvents = YES;
				INFOPLIST_KEY_UILaunchStoryboardName = LaunchScreen;
				INFOPLIST_KEY_UIMainStoryboardFile = Main;
				INFOPLIST_KEY_UISupportedInterfaceOrientations_iPad = "UIInterfaceOrientationPortrait UIInterfaceOrientationPortraitUpsideDown UIInterfaceOrientationLandscapeLeft UIInterfaceOrientationLandscapeRight";
				INFOPLIST_KEY_UISupportedInterfaceOrientations_iPhone = "UIInterfaceOrientationPortrait UIInterfaceOrientationLandscapeLeft UIInterfaceOrientationLandscapeRight";
				LD_RUNPATH_SEARCH_PATHS = (
					"$(inherited)",
					"@executable_path/Frameworks",
				);
				MARKETING_VERSION = 1.0;
				PRODUCT_BUNDLE_IDENTIFIER = demo.InnvonixPracticalDemo;
				PRODUCT_NAME = "$(TARGET_NAME)";
				SWIFT_EMIT_LOC_STRINGS = YES;
				SWIFT_VERSION = 5.0;
				TARGETED_DEVICE_FAMILY = "1,2";
			};
			name = Debug;
		};
		B4EBB46A2A2720C1006ED98E /* Release */ = {
			isa = XCBuildConfiguration;
			buildSettings = {
				ASSETCATALOG_COMPILER_APPICON_NAME = AppIcon;
				ASSETCATALOG_COMPILER_GLOBAL_ACCENT_COLOR_NAME = AccentColor;
				CODE_SIGN_STYLE = Automatic;
				CURRENT_PROJECT_VERSION = 1;
				GENERATE_INFOPLIST_FILE = YES;
				INFOPLIST_FILE = InnvonixPracticalDemo/Info.plist;
				INFOPLIST_KEY_UIApplicationSupportsIndirectInputEvents = YES;
				INFOPLIST_KEY_UILaunchStoryboardName = LaunchScreen;
				INFOPLIST_KEY_UIMainStoryboardFile = Main;
				INFOPLIST_KEY_UISupportedInterfaceOrientations_iPad = "UIInterfaceOrientationPortrait UIInterfaceOrientationPortraitUpsideDown UIInterfaceOrientationLandscapeLeft UIInterfaceOrientationLandscapeRight";
				INFOPLIST_KEY_UISupportedInterfaceOrientations_iPhone = "UIInterfaceOrientationPortrait UIInterfaceOrientationLandscapeLeft UIInterfaceOrientationLandscapeRight";
				LD_RUNPATH_SEARCH_PATHS = (
					"$(inherited)",
					"@executable_path/Frameworks",
				);
				MARKETING_VERSION = 1.0;
				PRODUCT_BUNDLE_IDENTIFIER = demo.InnvonixPracticalDemo;
				PRODUCT_NAME = "$(TARGET_NAME)";
				SWIFT_EMIT_LOC_STRINGS = YES;
				SWIFT_VERSION = 5.0;
				TARGETED_DEVICE_FAMILY = "1,2";
			};
			name = Release;
		};
		B4EBB46C2A2720C1006ED98E /* Debug */ = {
			isa = XCBuildConfiguration;
			buildSettings = {
				ALWAYS_EMBED_SWIFT_STANDARD_LIBRARIES = YES;
				BUNDLE_LOADER = "$(TEST_HOST)";
				CODE_SIGN_STYLE = Automatic;
				CURRENT_PROJECT_VERSION = 1;
				GENERATE_INFOPLIST_FILE = YES;
				IPHONEOS_DEPLOYMENT_TARGET = 16.2;
				MARKETING_VERSION = 1.0;
				PRODUCT_BUNDLE_IDENTIFIER = demo.InnvonixPracticalDemoTests;
				PRODUCT_NAME = "$(TARGET_NAME)";
				SWIFT_EMIT_LOC_STRINGS = NO;
				SWIFT_VERSION = 5.0;
				TARGETED_DEVICE_FAMILY = "1,2";
				TEST_HOST = "$(BUILT_PRODUCTS_DIR)/InnvonixPracticalDemo.app/$(BUNDLE_EXECUTABLE_FOLDER_PATH)/InnvonixPracticalDemo";
			};
			name = Debug;
		};
		B4EBB46D2A2720C1006ED98E /* Release */ = {
			isa = XCBuildConfiguration;
			buildSettings = {
				ALWAYS_EMBED_SWIFT_STANDARD_LIBRARIES = YES;
				BUNDLE_LOADER = "$(TEST_HOST)";
				CODE_SIGN_STYLE = Automatic;
				CURRENT_PROJECT_VERSION = 1;
				GENERATE_INFOPLIST_FILE = YES;
				IPHONEOS_DEPLOYMENT_TARGET = 16.2;
				MARKETING_VERSION = 1.0;
				PRODUCT_BUNDLE_IDENTIFIER = demo.InnvonixPracticalDemoTests;
				PRODUCT_NAME = "$(TARGET_NAME)";
				SWIFT_EMIT_LOC_STRINGS = NO;
				SWIFT_VERSION = 5.0;
				TARGETED_DEVICE_FAMILY = "1,2";
				TEST_HOST = "$(BUILT_PRODUCTS_DIR)/InnvonixPracticalDemo.app/$(BUNDLE_EXECUTABLE_FOLDER_PATH)/InnvonixPracticalDemo";
			};
			name = Release;
		};
		B4EBB46F2A2720C1006ED98E /* Debug */ = {
			isa = XCBuildConfiguration;
			buildSettings = {
				ALWAYS_EMBED_SWIFT_STANDARD_LIBRARIES = YES;
				CODE_SIGN_STYLE = Automatic;
				CURRENT_PROJECT_VERSION = 1;
				GENERATE_INFOPLIST_FILE = YES;
				MARKETING_VERSION = 1.0;
				PRODUCT_BUNDLE_IDENTIFIER = demo.InnvonixPracticalDemoUITests;
				PRODUCT_NAME = "$(TARGET_NAME)";
				SWIFT_EMIT_LOC_STRINGS = NO;
				SWIFT_VERSION = 5.0;
				TARGETED_DEVICE_FAMILY = "1,2";
				TEST_TARGET_NAME = InnvonixPracticalDemo;
			};
			name = Debug;
		};
		B4EBB4702A2720C1006ED98E /* Release */ = {
			isa = XCBuildConfiguration;
			buildSettings = {
				ALWAYS_EMBED_SWIFT_STANDARD_LIBRARIES = YES;
				CODE_SIGN_STYLE = Automatic;
				CURRENT_PROJECT_VERSION = 1;
				GENERATE_INFOPLIST_FILE = YES;
				MARKETING_VERSION = 1.0;
				PRODUCT_BUNDLE_IDENTIFIER = demo.InnvonixPracticalDemoUITests;
				PRODUCT_NAME = "$(TARGET_NAME)";
				SWIFT_EMIT_LOC_STRINGS = NO;
				SWIFT_VERSION = 5.0;
				TARGETED_DEVICE_FAMILY = "1,2";
				TEST_TARGET_NAME = InnvonixPracticalDemo;
			};
			name = Release;
		};
/* End XCBuildConfiguration section */

/* Begin XCConfigurationList section */
		B4EBB4362A2720BB006ED98E /* Build configuration list for PBXProject "InnvonixPracticalDemo" */ = {
			isa = XCConfigurationList;
			buildConfigurations = (
				B4EBB4662A2720C1006ED98E /* Debug */,
				B4EBB4672A2720C1006ED98E /* Release */,
			);
			defaultConfigurationIsVisible = 0;
			defaultConfigurationName = Release;
		};
		B4EBB4682A2720C1006ED98E /* Build configuration list for PBXNativeTarget "InnvonixPracticalDemo" */ = {
			isa = XCConfigurationList;
			buildConfigurations = (
				B4EBB4692A2720C1006ED98E /* Debug */,
				B4EBB46A2A2720C1006ED98E /* Release */,
			);
			defaultConfigurationIsVisible = 0;
			defaultConfigurationName = Release;
		};
		B4EBB46B2A2720C1006ED98E /* Build configuration list for PBXNativeTarget "InnvonixPracticalDemoTests" */ = {
			isa = XCConfigurationList;
			buildConfigurations = (
				B4EBB46C2A2720C1006ED98E /* Debug */,
				B4EBB46D2A2720C1006ED98E /* Release */,
			);
			defaultConfigurationIsVisible = 0;
			defaultConfigurationName = Release;
		};
		B4EBB46E2A2720C1006ED98E /* Build configuration list for PBXNativeTarget "InnvonixPracticalDemoUITests" */ = {
			isa = XCConfigurationList;
			buildConfigurations = (
				B4EBB46F2A2720C1006ED98E /* Debug */,
				B4EBB4702A2720C1006ED98E /* Release */,
			);
			defaultConfigurationIsVisible = 0;
			defaultConfigurationName = Release;
		};
/* End XCConfigurationList section */

/* Begin XCVersionGroup section */
		B4EBB4472A2720BB006ED98E /* InnvonixPracticalDemo.xcdatamodeld */ = {
			isa = XCVersionGroup;
			children = (
				B4EBB4482A2720BB006ED98E /* InnvonixPracticalDemo.xcdatamodel */,
			);
			currentVersion = B4EBB4482A2720BB006ED98E /* InnvonixPracticalDemo.xcdatamodel */;
			path = InnvonixPracticalDemo.xcdatamodeld;
			sourceTree = "<group>";
			versionGroupType = wrapper.xcdatamodel;
		};
/* End XCVersionGroup section */
	};
	rootObject = B4EBB4332A2720BB006ED98E /* Project object */;
}
